
Microsoft Visual Studio Solution File, Format Version 11.00
# Visual Studio 2010
Project("{FAE04EC0-301F-11D3-BF4B-00C04F79EFBC}") = "SocketIO", "SocketIO\SocketIO.csproj", "{D3AB6B2A-7510-4F9A-95B8-B48FF8F75395}"
EndProject
Project("{FAE04EC0-301F-11D3-BF4B-00C04F79EFBC}") = "Redis", "Redis\Redis.csproj", "{023BADE5-0054-42F2-8C81-906CC778BFC4}"
EndProject
Project("{FAE04EC0-301F-11D3-BF4B-00C04F79EFBC}") = "ShufflyNode", "ShufflyNode\ShufflyNode.csproj", "{0192EBDC-DC2E-444E-8AB0-1CD623F24278}"
EndProject
Project("{FAE04EC0-301F-11D3-BF4B-00C04F79EFBC}") = "NodeJS", "NodeJS\NodeJS.csproj", "{B7FF3F2A-C5AF-4C50-B9B2-A72B6EA85C93}"
EndProject
Project("{2150E333-8FDC-42A3-9474-1A3956D46DE8}") = "Libraries", "Libraries", "{2E4B695A-D6F8-42BA-9494-6A41AEA306BE}"
EndProject
Project("{FAE04EC0-301F-11D3-BF4B-00C04F79EFBC}") = "ShufflyGame", "ShufflyGame\ShufflyGame.csproj", "{EF887FF2-DF7A-43F6-9AC3-B9E37E3091C5}"
EndProject
Project("{FAE04EC0-301F-11D3-BF4B-00C04F79EFBC}") = "Fibers", "Fibers\Fibers.csproj", "{E05BFE3E-88F4-4986-9B24-892416A9D46A}"
EndProject
Project("{FAE04EC0-301F-11D3-BF4B-00C04F79EFBC}") = "MongoDB", "MongoDB\MongoDB.csproj", "{643E85E4-0C97-4199-9DC2-2067E90E7204}"
EndProject
Project("{FAE04EC0-301F-11D3-BF4B-00C04F79EFBC}") = "CommonLibraries", "CommonLibraries\CommonLibraries.csproj", "{06BA821E-6BCD-418C-B6AF-CE38465405E9}"
EndProject
Global
	GlobalSection(SolutionConfigurationPlatforms) = preSolution
		Debug|Any CPU = Debug|Any CPU
		Release|Any CPU = Release|Any CPU
	EndGlobalSection
	GlobalSection(ProjectConfigurationPlatforms) = postSolution
		{D3AB6B2A-7510-4F9A-95B8-B48FF8F75395}.Debug|Any CPU.ActiveCfg = Debug|Any CPU
		{D3AB6B2A-7510-4F9A-95B8-B48FF8F75395}.Debug|Any CPU.Build.0 = Debug|Any CPU
		{D3AB6B2A-7510-4F9A-95B8-B48FF8F75395}.Release|Any CPU.ActiveCfg = Release|Any CPU
		{D3AB6B2A-7510-4F9A-95B8-B48FF8F75395}.Release|Any CPU.Build.0 = Release|Any CPU
		{023BADE5-0054-42F2-8C81-906CC778BFC4}.Debug|Any CPU.ActiveCfg = Debug|Any CPU
		{023BADE5-0054-42F2-8C81-906CC778BFC4}.Debug|Any CPU.Build.0 = Debug|Any CPU
		{023BADE5-0054-42F2-8C81-906CC778BFC4}.Release|Any CPU.ActiveCfg = Release|Any CPU
		{023BADE5-0054-42F2-8C81-906CC778BFC4}.Release|Any CPU.Build.0 = Release|Any CPU
		{0192EBDC-DC2E-444E-8AB0-1CD623F24278}.Debug|Any CPU.ActiveCfg = Debug|Any CPU
		{0192EBDC-DC2E-444E-8AB0-1CD623F24278}.Debug|Any CPU.Build.0 = Debug|Any CPU
		{0192EBDC-DC2E-444E-8AB0-1CD623F24278}.Release|Any CPU.ActiveCfg = Release|Any CPU
		{0192EBDC-DC2E-444E-8AB0-1CD623F24278}.Release|Any CPU.Build.0 = Release|Any CPU
		{B7FF3F2A-C5AF-4C50-B9B2-A72B6EA85C93}.Debug|Any CPU.ActiveCfg = Debug|Any CPU
		{B7FF3F2A-C5AF-4C50-B9B2-A72B6EA85C93}.Debug|Any CPU.Build.0 = Debug|Any CPU
		{B7FF3F2A-C5AF-4C50-B9B2-A72B6EA85C93}.Release|Any CPU.ActiveCfg = Release|Any CPU
		{B7FF3F2A-C5AF-4C50-B9B2-A72B6EA85C93}.Release|Any CPU.Build.0 = Release|Any CPU
		{EF887FF2-DF7A-43F6-9AC3-B9E37E3091C5}.Debug|Any CPU.ActiveCfg = Debug|Any CPU
		{EF887FF2-DF7A-43F6-9AC3-B9E37E3091C5}.Debug|Any CPU.Build.0 = Debug|Any CPU
		{EF887FF2-DF7A-43F6-9AC3-B9E37E3091C5}.Release|Any CPU.ActiveCfg = Release|Any CPU
		{EF887FF2-DF7A-43F6-9AC3-B9E37E3091C5}.Release|Any CPU.Build.0 = Release|Any CPU
		{E05BFE3E-88F4-4986-9B24-892416A9D46A}.Debug|Any CPU.ActiveCfg = Debug|Any CPU
		{E05BFE3E-88F4-4986-9B24-892416A9D46A}.Debug|Any CPU.Build.0 = Debug|Any CPU
		{E05BFE3E-88F4-4986-9B24-892416A9D46A}.Release|Any CPU.ActiveCfg = Release|Any CPU
		{E05BFE3E-88F4-4986-9B24-892416A9D46A}.Release|Any CPU.Build.0 = Release|Any CPU
		{643E85E4-0C97-4199-9DC2-2067E90E7204}.Debug|Any CPU.ActiveCfg = Debug|Any CPU
		{643E85E4-0C97-4199-9DC2-2067E90E7204}.Debug|Any CPU.Build.0 = Debug|Any CPU
		{643E85E4-0C97-4199-9DC2-2067E90E7204}.Release|Any CPU.ActiveCfg = Release|Any CPU
		{643E85E4-0C97-4199-9DC2-2067E90E7204}.Release|Any CPU.Build.0 = Release|Any CPU
		{06BA821E-6BCD-418C-B6AF-CE38465405E9}.Debug|Any CPU.ActiveCfg = Debug|Any CPU
		{06BA821E-6BCD-418C-B6AF-CE38465405E9}.Debug|Any CPU.Build.0 = Debug|Any CPU
		{06BA821E-6BCD-418C-B6AF-CE38465405E9}.Release|Any CPU.ActiveCfg = Release|Any CPU
		{06BA821E-6BCD-418C-B6AF-CE38465405E9}.Release|Any CPU.Build.0 = Release|Any CPU
	EndGlobalSection
	GlobalSection(SolutionProperties) = preSolution
		HideSolutionNode = FALSE
	EndGlobalSection
	GlobalSection(NestedProjects) = preSolution
		{023BADE5-0054-42F2-8C81-906CC778BFC4} = {2E4B695A-D6F8-42BA-9494-6A41AEA306BE}
		{B7FF3F2A-C5AF-4C50-B9B2-A72B6EA85C93} = {2E4B695A-D6F8-42BA-9494-6A41AEA306BE}
		{D3AB6B2A-7510-4F9A-95B8-B48FF8F75395} = {2E4B695A-D6F8-42BA-9494-6A41AEA306BE}
		{EF887FF2-DF7A-43F6-9AC3-B9E37E3091C5} = {2E4B695A-D6F8-42BA-9494-6A41AEA306BE}
		{E05BFE3E-88F4-4986-9B24-892416A9D46A} = {2E4B695A-D6F8-42BA-9494-6A41AEA306BE}
		{643E85E4-0C97-4199-9DC2-2067E90E7204} = {2E4B695A-D6F8-42BA-9494-6A41AEA306BE}
	EndGlobalSection
EndGlobal
