
Microsoft Visual Studio Solution File, Format Version 12.00
# Visual Studio 2012
Project("{2150E333-8FDC-42A3-9474-1A3956D46DE8}") = "Libraries", "Libraries", "{0D9CEDF5-ADDD-451B-9631-7C46B2CDF78B}"
EndProject
Project("{FAE04EC0-301F-11D3-BF4B-00C04F79EFBC}") = "ShuffleGameLibrary", "Libraries\ShuffleGameLibrary\ShuffleGameLibrary.csproj", "{2D9347BC-A4DD-4B5D-8BE1-13D1607A33C7}"
EndProject
Project("{FAE04EC0-301F-11D3-BF4B-00C04F79EFBC}") = "CommonLibraries", "Libraries\CommonLibraries\CommonLibraries.csproj", "{406ACA25-7441-4944-A0F8-E66C025890CA}"
EndProject
Project("{2150E333-8FDC-42A3-9474-1A3956D46DE8}") = "Servers", "Servers", "{FDAB866B-D8B1-40E3-8F17-2145E51373E0}"
EndProject
Project("{FAE04EC0-301F-11D3-BF4B-00C04F79EFBC}") = "Client", "Client\Client.csproj", "{1B1814D9-2F50-4752-A000-02C19DC492E2}"
EndProject
Project("{FAE04EC0-301F-11D3-BF4B-00C04F79EFBC}") = "Build", "Tools\Build\Build.csproj", "{8018E746-9ADD-47D9-BB75-1089D098F0A1}"
EndProject
Project("{2150E333-8FDC-42A3-9474-1A3956D46DE8}") = "Tools", "Tools", "{791CD16C-D09C-43D9-9E54-60BCB54C2764}"
EndProject
Project("{FAE04EC0-301F-11D3-BF4B-00C04F79EFBC}") = "CommonShuffleLibrary", "Libraries\CommonShuffleLibrary\CommonShuffleLibrary.csproj", "{1FD90B1D-8502-4F1A-AA96-0F859D0748AD}"
EndProject
Project("{FAE04EC0-301F-11D3-BF4B-00C04F79EFBC}") = "WebLibraries", "Libraries\WebLibraries\WebLibraries.csproj", "{BBF1829B-3446-4C0D-A75A-9BC713D2A6A1}"
EndProject
Project("{FAE04EC0-301F-11D3-BF4B-00C04F79EFBC}") = "Models", "Models\Models.csproj", "{A0F30F5B-8FAB-4F80-ADAF-80F66766693C}"
EndProject
Project("{FAE04EC0-301F-11D3-BF4B-00C04F79EFBC}") = "DataModels", "DataModels\DataModels.csproj", "{EC796BA9-1192-4288-9919-CD0E5383F944}"
EndProject
Project("{FAE04EC0-301F-11D3-BF4B-00C04F79EFBC}") = "ShuffleInformation", "ShuffleInformation\ShuffleInformation.csproj", "{EC0843A4-1AE6-462C-8755-BC4E5D579178}"
EndProject
Project("{FAE04EC0-301F-11D3-BF4B-00C04F79EFBC}") = "ClientLibs", "ClientLibs\ClientLibs.csproj", "{9ABAC6AE-3F67-43CF-BCC7-2E46C730CE45}"
EndProject
Project("{FAE04EC0-301F-11D3-BF4B-00C04F79EFBC}") = "ServerSlammer", "ServerSlammer\ServerSlammer.csproj", "{76D08C79-8160-4C95-A35B-AEC3A527C000}"
EndProject
Project("{FAE04EC0-301F-11D3-BF4B-00C04F79EFBC}") = "NodeLibraries", "Libraries\NodeLibraries\NodeLibraries.csproj", "{06E82003-D11E-4482-9DC8-9AD109B537A0}"
EndProject
Project("{FAE04EC0-301F-11D3-BF4B-00C04F79EFBC}") = "ServerManager", "Servers\ServerManager\ServerManager.csproj", "{E5F0F569-B645-4A02-93A2-DB646BE99A44}"
EndProject
Project("{FAE04EC0-301F-11D3-BF4B-00C04F79EFBC}") = "AngularJS", "Libraries\AngularJS\AngularJS.csproj", "{815CC797-F742-4C48-8C98-BD7DE050D95A}"
EndProject
Project("{E24C65DC-7377-472B-9ABA-BC803B73C61A}") = "output", "output\", "{695D02E9-9050-4C99-AAFC-7B2249D8523C}"
	ProjectSection(WebsiteProperties) = preProject
		TargetFrameworkMoniker = ".NETFramework,Version%3Dv4.0"
		Debug.AspNetCompiler.VirtualPath = "/output"
		Debug.AspNetCompiler.PhysicalPath = "output\"
		Debug.AspNetCompiler.TargetPath = "PrecompiledWeb\output\"
		Debug.AspNetCompiler.Updateable = "true"
		Debug.AspNetCompiler.ForceOverwrite = "true"
		Debug.AspNetCompiler.FixedNames = "false"
		Debug.AspNetCompiler.Debug = "True"
		Release.AspNetCompiler.VirtualPath = "/output"
		Release.AspNetCompiler.PhysicalPath = "output\"
		Release.AspNetCompiler.TargetPath = "PrecompiledWeb\output\"
		Release.AspNetCompiler.Updateable = "true"
		Release.AspNetCompiler.ForceOverwrite = "true"
		Release.AspNetCompiler.FixedNames = "false"
		Release.AspNetCompiler.Debug = "False"
		VWDPort = "58533"
		StartServerOnDebug = "false"
	EndProjectSection
EndProject
Project("{E24C65DC-7377-472B-9ABA-BC803B73C61A}") = "ShuffleGames", "http://localhost:50921", "{D6E4417A-9DA0-415F-947E-6B4F9CB2E2EB}"
	ProjectSection(WebsiteProperties) = preProject
		UseIISExpress = "true"
		TargetFrameworkMoniker = ".NETFramework,Version%3Dv4.5"
		Debug.AspNetCompiler.VirtualPath = "/localhost_50921"
		Debug.AspNetCompiler.PhysicalPath = "ShuffleGames\"
		Debug.AspNetCompiler.TargetPath = "PrecompiledWeb\localhost_50921\"
		Debug.AspNetCompiler.Updateable = "false"
		Debug.AspNetCompiler.ForceOverwrite = "true"
		Debug.AspNetCompiler.FixedNames = "false"
		Debug.AspNetCompiler.Debug = "True"
		Release.AspNetCompiler.VirtualPath = "/localhost_50921"
		Release.AspNetCompiler.PhysicalPath = "ShuffleGames\"
		Release.AspNetCompiler.TargetPath = "PrecompiledWeb\localhost_50921\"
		Release.AspNetCompiler.Updateable = "false"
		Release.AspNetCompiler.ForceOverwrite = "true"
		Release.AspNetCompiler.FixedNames = "false"
		Release.AspNetCompiler.Debug = "False"
		SlnRelativePath = "ShuffleGames\"
		DefaultWebSiteLanguage = "Visual Basic"
	EndProjectSection
EndProject
Global
	GlobalSection(SolutionConfigurationPlatforms) = preSolution
		Debug|Any CPU = Debug|Any CPU
		Debug|Mixed Platforms = Debug|Mixed Platforms
		Debug|x86 = Debug|x86
		Release|Any CPU = Release|Any CPU
		Release|Mixed Platforms = Release|Mixed Platforms
		Release|x86 = Release|x86
	EndGlobalSection
	GlobalSection(ProjectConfigurationPlatforms) = postSolution
		{2D9347BC-A4DD-4B5D-8BE1-13D1607A33C7}.Debug|Any CPU.ActiveCfg = Debug|Any CPU
		{2D9347BC-A4DD-4B5D-8BE1-13D1607A33C7}.Debug|Any CPU.Build.0 = Debug|Any CPU
		{2D9347BC-A4DD-4B5D-8BE1-13D1607A33C7}.Debug|Mixed Platforms.ActiveCfg = Debug|Any CPU
		{2D9347BC-A4DD-4B5D-8BE1-13D1607A33C7}.Debug|Mixed Platforms.Build.0 = Debug|Any CPU
		{2D9347BC-A4DD-4B5D-8BE1-13D1607A33C7}.Debug|x86.ActiveCfg = Debug|Any CPU
		{2D9347BC-A4DD-4B5D-8BE1-13D1607A33C7}.Release|Any CPU.ActiveCfg = Release|Any CPU
		{2D9347BC-A4DD-4B5D-8BE1-13D1607A33C7}.Release|Any CPU.Build.0 = Release|Any CPU
		{2D9347BC-A4DD-4B5D-8BE1-13D1607A33C7}.Release|Mixed Platforms.ActiveCfg = Release|Any CPU
		{2D9347BC-A4DD-4B5D-8BE1-13D1607A33C7}.Release|Mixed Platforms.Build.0 = Release|Any CPU
		{2D9347BC-A4DD-4B5D-8BE1-13D1607A33C7}.Release|x86.ActiveCfg = Release|Any CPU
		{406ACA25-7441-4944-A0F8-E66C025890CA}.Debug|Any CPU.ActiveCfg = Debug|Any CPU
		{406ACA25-7441-4944-A0F8-E66C025890CA}.Debug|Any CPU.Build.0 = Debug|Any CPU
		{406ACA25-7441-4944-A0F8-E66C025890CA}.Debug|Mixed Platforms.ActiveCfg = Debug|Any CPU
		{406ACA25-7441-4944-A0F8-E66C025890CA}.Debug|Mixed Platforms.Build.0 = Debug|Any CPU
		{406ACA25-7441-4944-A0F8-E66C025890CA}.Debug|x86.ActiveCfg = Debug|Any CPU
		{406ACA25-7441-4944-A0F8-E66C025890CA}.Release|Any CPU.ActiveCfg = Release|Any CPU
		{406ACA25-7441-4944-A0F8-E66C025890CA}.Release|Any CPU.Build.0 = Release|Any CPU
		{406ACA25-7441-4944-A0F8-E66C025890CA}.Release|Mixed Platforms.ActiveCfg = Release|Any CPU
		{406ACA25-7441-4944-A0F8-E66C025890CA}.Release|Mixed Platforms.Build.0 = Release|Any CPU
		{406ACA25-7441-4944-A0F8-E66C025890CA}.Release|x86.ActiveCfg = Release|Any CPU
		{1B1814D9-2F50-4752-A000-02C19DC492E2}.Debug|Any CPU.ActiveCfg = Debug|Any CPU
		{1B1814D9-2F50-4752-A000-02C19DC492E2}.Debug|Any CPU.Build.0 = Debug|Any CPU
		{1B1814D9-2F50-4752-A000-02C19DC492E2}.Debug|Mixed Platforms.ActiveCfg = Debug|Any CPU
		{1B1814D9-2F50-4752-A000-02C19DC492E2}.Debug|Mixed Platforms.Build.0 = Debug|Any CPU
		{1B1814D9-2F50-4752-A000-02C19DC492E2}.Debug|x86.ActiveCfg = Debug|Any CPU
		{1B1814D9-2F50-4752-A000-02C19DC492E2}.Release|Any CPU.ActiveCfg = Release|Any CPU
		{1B1814D9-2F50-4752-A000-02C19DC492E2}.Release|Any CPU.Build.0 = Release|Any CPU
		{1B1814D9-2F50-4752-A000-02C19DC492E2}.Release|Mixed Platforms.ActiveCfg = Release|Any CPU
		{1B1814D9-2F50-4752-A000-02C19DC492E2}.Release|Mixed Platforms.Build.0 = Release|Any CPU
		{1B1814D9-2F50-4752-A000-02C19DC492E2}.Release|x86.ActiveCfg = Release|Any CPU
		{8018E746-9ADD-47D9-BB75-1089D098F0A1}.Debug|Any CPU.ActiveCfg = Debug|Any CPU
		{8018E746-9ADD-47D9-BB75-1089D098F0A1}.Debug|Any CPU.Build.0 = Debug|Any CPU
		{8018E746-9ADD-47D9-BB75-1089D098F0A1}.Debug|Mixed Platforms.ActiveCfg = Debug|x86
		{8018E746-9ADD-47D9-BB75-1089D098F0A1}.Debug|Mixed Platforms.Build.0 = Debug|x86
		{8018E746-9ADD-47D9-BB75-1089D098F0A1}.Debug|x86.ActiveCfg = Debug|x86
		{8018E746-9ADD-47D9-BB75-1089D098F0A1}.Debug|x86.Build.0 = Debug|x86
		{8018E746-9ADD-47D9-BB75-1089D098F0A1}.Release|Any CPU.ActiveCfg = Release|Any CPU
		{8018E746-9ADD-47D9-BB75-1089D098F0A1}.Release|Any CPU.Build.0 = Release|Any CPU
		{8018E746-9ADD-47D9-BB75-1089D098F0A1}.Release|Mixed Platforms.ActiveCfg = Release|x86
		{8018E746-9ADD-47D9-BB75-1089D098F0A1}.Release|Mixed Platforms.Build.0 = Release|x86
		{8018E746-9ADD-47D9-BB75-1089D098F0A1}.Release|x86.ActiveCfg = Release|x86
		{8018E746-9ADD-47D9-BB75-1089D098F0A1}.Release|x86.Build.0 = Release|x86
		{1FD90B1D-8502-4F1A-AA96-0F859D0748AD}.Debug|Any CPU.ActiveCfg = Debug|Any CPU
		{1FD90B1D-8502-4F1A-AA96-0F859D0748AD}.Debug|Any CPU.Build.0 = Debug|Any CPU
		{1FD90B1D-8502-4F1A-AA96-0F859D0748AD}.Debug|Mixed Platforms.ActiveCfg = Debug|Any CPU
		{1FD90B1D-8502-4F1A-AA96-0F859D0748AD}.Debug|Mixed Platforms.Build.0 = Debug|Any CPU
		{1FD90B1D-8502-4F1A-AA96-0F859D0748AD}.Debug|x86.ActiveCfg = Debug|Any CPU
		{1FD90B1D-8502-4F1A-AA96-0F859D0748AD}.Release|Any CPU.ActiveCfg = Release|Any CPU
		{1FD90B1D-8502-4F1A-AA96-0F859D0748AD}.Release|Any CPU.Build.0 = Release|Any CPU
		{1FD90B1D-8502-4F1A-AA96-0F859D0748AD}.Release|Mixed Platforms.ActiveCfg = Release|Any CPU
		{1FD90B1D-8502-4F1A-AA96-0F859D0748AD}.Release|Mixed Platforms.Build.0 = Release|Any CPU
		{1FD90B1D-8502-4F1A-AA96-0F859D0748AD}.Release|x86.ActiveCfg = Release|Any CPU
		{BBF1829B-3446-4C0D-A75A-9BC713D2A6A1}.Debug|Any CPU.ActiveCfg = Debug|Any CPU
		{BBF1829B-3446-4C0D-A75A-9BC713D2A6A1}.Debug|Any CPU.Build.0 = Debug|Any CPU
		{BBF1829B-3446-4C0D-A75A-9BC713D2A6A1}.Debug|Mixed Platforms.ActiveCfg = Debug|Any CPU
		{BBF1829B-3446-4C0D-A75A-9BC713D2A6A1}.Debug|Mixed Platforms.Build.0 = Debug|Any CPU
		{BBF1829B-3446-4C0D-A75A-9BC713D2A6A1}.Debug|x86.ActiveCfg = Debug|Any CPU
		{BBF1829B-3446-4C0D-A75A-9BC713D2A6A1}.Release|Any CPU.ActiveCfg = Release|Any CPU
		{BBF1829B-3446-4C0D-A75A-9BC713D2A6A1}.Release|Any CPU.Build.0 = Release|Any CPU
		{BBF1829B-3446-4C0D-A75A-9BC713D2A6A1}.Release|Mixed Platforms.ActiveCfg = Release|Any CPU
		{BBF1829B-3446-4C0D-A75A-9BC713D2A6A1}.Release|Mixed Platforms.Build.0 = Release|Any CPU
		{BBF1829B-3446-4C0D-A75A-9BC713D2A6A1}.Release|x86.ActiveCfg = Release|Any CPU
		{A0F30F5B-8FAB-4F80-ADAF-80F66766693C}.Debug|Any CPU.ActiveCfg = Debug|Any CPU
		{A0F30F5B-8FAB-4F80-ADAF-80F66766693C}.Debug|Any CPU.Build.0 = Debug|Any CPU
		{A0F30F5B-8FAB-4F80-ADAF-80F66766693C}.Debug|Mixed Platforms.ActiveCfg = Debug|Any CPU
		{A0F30F5B-8FAB-4F80-ADAF-80F66766693C}.Debug|Mixed Platforms.Build.0 = Debug|Any CPU
		{A0F30F5B-8FAB-4F80-ADAF-80F66766693C}.Debug|x86.ActiveCfg = Debug|Any CPU
		{A0F30F5B-8FAB-4F80-ADAF-80F66766693C}.Release|Any CPU.ActiveCfg = Release|Any CPU
		{A0F30F5B-8FAB-4F80-ADAF-80F66766693C}.Release|Any CPU.Build.0 = Release|Any CPU
		{A0F30F5B-8FAB-4F80-ADAF-80F66766693C}.Release|Mixed Platforms.ActiveCfg = Release|Any CPU
		{A0F30F5B-8FAB-4F80-ADAF-80F66766693C}.Release|Mixed Platforms.Build.0 = Release|Any CPU
		{A0F30F5B-8FAB-4F80-ADAF-80F66766693C}.Release|x86.ActiveCfg = Release|Any CPU
		{EC796BA9-1192-4288-9919-CD0E5383F944}.Debug|Any CPU.ActiveCfg = Debug|Any CPU
		{EC796BA9-1192-4288-9919-CD0E5383F944}.Debug|Any CPU.Build.0 = Debug|Any CPU
		{EC796BA9-1192-4288-9919-CD0E5383F944}.Debug|Mixed Platforms.ActiveCfg = Debug|Any CPU
		{EC796BA9-1192-4288-9919-CD0E5383F944}.Debug|Mixed Platforms.Build.0 = Debug|Any CPU
		{EC796BA9-1192-4288-9919-CD0E5383F944}.Debug|x86.ActiveCfg = Debug|Any CPU
		{EC796BA9-1192-4288-9919-CD0E5383F944}.Release|Any CPU.ActiveCfg = Release|Any CPU
		{EC796BA9-1192-4288-9919-CD0E5383F944}.Release|Mixed Platforms.ActiveCfg = Release|Any CPU
		{EC796BA9-1192-4288-9919-CD0E5383F944}.Release|x86.ActiveCfg = Release|Any CPU
		{EC0843A4-1AE6-462C-8755-BC4E5D579178}.Debug|Any CPU.ActiveCfg = Debug|x86
		{EC0843A4-1AE6-462C-8755-BC4E5D579178}.Debug|Mixed Platforms.ActiveCfg = Debug|x86
		{EC0843A4-1AE6-462C-8755-BC4E5D579178}.Debug|x86.ActiveCfg = Debug|x86
		{EC0843A4-1AE6-462C-8755-BC4E5D579178}.Debug|x86.Build.0 = Debug|x86
		{EC0843A4-1AE6-462C-8755-BC4E5D579178}.Release|Any CPU.ActiveCfg = Release|x86
		{EC0843A4-1AE6-462C-8755-BC4E5D579178}.Release|Mixed Platforms.ActiveCfg = Release|x86
		{EC0843A4-1AE6-462C-8755-BC4E5D579178}.Release|x86.ActiveCfg = Release|x86
		{EC0843A4-1AE6-462C-8755-BC4E5D579178}.Release|x86.Build.0 = Release|x86
		{9ABAC6AE-3F67-43CF-BCC7-2E46C730CE45}.Debug|Any CPU.ActiveCfg = Debug|Any CPU
		{9ABAC6AE-3F67-43CF-BCC7-2E46C730CE45}.Debug|Any CPU.Build.0 = Debug|Any CPU
		{9ABAC6AE-3F67-43CF-BCC7-2E46C730CE45}.Debug|Mixed Platforms.ActiveCfg = Debug|Any CPU
		{9ABAC6AE-3F67-43CF-BCC7-2E46C730CE45}.Debug|Mixed Platforms.Build.0 = Debug|Any CPU
		{9ABAC6AE-3F67-43CF-BCC7-2E46C730CE45}.Debug|x86.ActiveCfg = Debug|Any CPU
		{9ABAC6AE-3F67-43CF-BCC7-2E46C730CE45}.Release|Any CPU.ActiveCfg = Release|Any CPU
		{9ABAC6AE-3F67-43CF-BCC7-2E46C730CE45}.Release|Any CPU.Build.0 = Release|Any CPU
		{9ABAC6AE-3F67-43CF-BCC7-2E46C730CE45}.Release|Mixed Platforms.ActiveCfg = Release|Any CPU
		{9ABAC6AE-3F67-43CF-BCC7-2E46C730CE45}.Release|Mixed Platforms.Build.0 = Release|Any CPU
		{9ABAC6AE-3F67-43CF-BCC7-2E46C730CE45}.Release|x86.ActiveCfg = Release|Any CPU
		{76D08C79-8160-4C95-A35B-AEC3A527C000}.Debug|Any CPU.ActiveCfg = Debug|Any CPU
		{76D08C79-8160-4C95-A35B-AEC3A527C000}.Debug|Any CPU.Build.0 = Debug|Any CPU
		{76D08C79-8160-4C95-A35B-AEC3A527C000}.Debug|Mixed Platforms.ActiveCfg = Debug|x86
		{76D08C79-8160-4C95-A35B-AEC3A527C000}.Debug|Mixed Platforms.Build.0 = Debug|x86
		{76D08C79-8160-4C95-A35B-AEC3A527C000}.Debug|x86.ActiveCfg = Debug|x86
		{76D08C79-8160-4C95-A35B-AEC3A527C000}.Debug|x86.Build.0 = Debug|x86
		{76D08C79-8160-4C95-A35B-AEC3A527C000}.Release|Any CPU.ActiveCfg = Release|Any CPU
		{76D08C79-8160-4C95-A35B-AEC3A527C000}.Release|Any CPU.Build.0 = Release|Any CPU
		{76D08C79-8160-4C95-A35B-AEC3A527C000}.Release|Mixed Platforms.ActiveCfg = Release|x86
		{76D08C79-8160-4C95-A35B-AEC3A527C000}.Release|Mixed Platforms.Build.0 = Release|x86
		{76D08C79-8160-4C95-A35B-AEC3A527C000}.Release|x86.ActiveCfg = Release|x86
		{76D08C79-8160-4C95-A35B-AEC3A527C000}.Release|x86.Build.0 = Release|x86
		{06E82003-D11E-4482-9DC8-9AD109B537A0}.Debug|Any CPU.ActiveCfg = Debug|Any CPU
		{06E82003-D11E-4482-9DC8-9AD109B537A0}.Debug|Any CPU.Build.0 = Debug|Any CPU
		{06E82003-D11E-4482-9DC8-9AD109B537A0}.Debug|Mixed Platforms.ActiveCfg = Debug|Any CPU
		{06E82003-D11E-4482-9DC8-9AD109B537A0}.Debug|Mixed Platforms.Build.0 = Debug|Any CPU
		{06E82003-D11E-4482-9DC8-9AD109B537A0}.Debug|x86.ActiveCfg = Debug|Any CPU
		{06E82003-D11E-4482-9DC8-9AD109B537A0}.Release|Any CPU.ActiveCfg = Release|Any CPU
		{06E82003-D11E-4482-9DC8-9AD109B537A0}.Release|Any CPU.Build.0 = Release|Any CPU
		{06E82003-D11E-4482-9DC8-9AD109B537A0}.Release|Mixed Platforms.ActiveCfg = Release|Any CPU
		{06E82003-D11E-4482-9DC8-9AD109B537A0}.Release|Mixed Platforms.Build.0 = Release|Any CPU
		{06E82003-D11E-4482-9DC8-9AD109B537A0}.Release|x86.ActiveCfg = Release|Any CPU
		{E5F0F569-B645-4A02-93A2-DB646BE99A44}.Debug|Any CPU.ActiveCfg = Debug|Any CPU
		{E5F0F569-B645-4A02-93A2-DB646BE99A44}.Debug|Any CPU.Build.0 = Debug|Any CPU
		{E5F0F569-B645-4A02-93A2-DB646BE99A44}.Debug|Mixed Platforms.ActiveCfg = Debug|Any CPU
		{E5F0F569-B645-4A02-93A2-DB646BE99A44}.Debug|Mixed Platforms.Build.0 = Debug|Any CPU
		{E5F0F569-B645-4A02-93A2-DB646BE99A44}.Debug|x86.ActiveCfg = Debug|Any CPU
		{E5F0F569-B645-4A02-93A2-DB646BE99A44}.Release|Any CPU.ActiveCfg = Release|Any CPU
		{E5F0F569-B645-4A02-93A2-DB646BE99A44}.Release|Any CPU.Build.0 = Release|Any CPU
		{E5F0F569-B645-4A02-93A2-DB646BE99A44}.Release|Mixed Platforms.ActiveCfg = Release|Any CPU
		{E5F0F569-B645-4A02-93A2-DB646BE99A44}.Release|Mixed Platforms.Build.0 = Release|Any CPU
		{E5F0F569-B645-4A02-93A2-DB646BE99A44}.Release|x86.ActiveCfg = Release|Any CPU
		{815CC797-F742-4C48-8C98-BD7DE050D95A}.Debug|Any CPU.ActiveCfg = Debug|Any CPU
		{815CC797-F742-4C48-8C98-BD7DE050D95A}.Debug|Any CPU.Build.0 = Debug|Any CPU
		{815CC797-F742-4C48-8C98-BD7DE050D95A}.Debug|Mixed Platforms.ActiveCfg = Debug|Any CPU
		{815CC797-F742-4C48-8C98-BD7DE050D95A}.Debug|Mixed Platforms.Build.0 = Debug|Any CPU
		{815CC797-F742-4C48-8C98-BD7DE050D95A}.Debug|x86.ActiveCfg = Debug|Any CPU
		{815CC797-F742-4C48-8C98-BD7DE050D95A}.Release|Any CPU.ActiveCfg = Release|Any CPU
		{815CC797-F742-4C48-8C98-BD7DE050D95A}.Release|Any CPU.Build.0 = Release|Any CPU
		{815CC797-F742-4C48-8C98-BD7DE050D95A}.Release|Mixed Platforms.ActiveCfg = Release|Any CPU
		{815CC797-F742-4C48-8C98-BD7DE050D95A}.Release|Mixed Platforms.Build.0 = Release|Any CPU
		{815CC797-F742-4C48-8C98-BD7DE050D95A}.Release|x86.ActiveCfg = Release|Any CPU
		{695D02E9-9050-4C99-AAFC-7B2249D8523C}.Debug|Any CPU.ActiveCfg = Debug|Any CPU
		{695D02E9-9050-4C99-AAFC-7B2249D8523C}.Debug|Any CPU.Build.0 = Debug|Any CPU
		{695D02E9-9050-4C99-AAFC-7B2249D8523C}.Debug|Mixed Platforms.ActiveCfg = Debug|Any CPU
		{695D02E9-9050-4C99-AAFC-7B2249D8523C}.Debug|x86.ActiveCfg = Debug|Any CPU
		{695D02E9-9050-4C99-AAFC-7B2249D8523C}.Release|Any CPU.ActiveCfg = Debug|Any CPU
		{695D02E9-9050-4C99-AAFC-7B2249D8523C}.Release|Any CPU.Build.0 = Debug|Any CPU
		{695D02E9-9050-4C99-AAFC-7B2249D8523C}.Release|Mixed Platforms.ActiveCfg = Debug|Any CPU
		{695D02E9-9050-4C99-AAFC-7B2249D8523C}.Release|Mixed Platforms.Build.0 = Debug|Any CPU
		{695D02E9-9050-4C99-AAFC-7B2249D8523C}.Release|x86.ActiveCfg = Debug|Any CPU
		{D6E4417A-9DA0-415F-947E-6B4F9CB2E2EB}.Debug|Any CPU.ActiveCfg = Debug|Any CPU
		{D6E4417A-9DA0-415F-947E-6B4F9CB2E2EB}.Debug|Any CPU.Build.0 = Debug|Any CPU
		{D6E4417A-9DA0-415F-947E-6B4F9CB2E2EB}.Debug|Mixed Platforms.ActiveCfg = Debug|Any CPU
		{D6E4417A-9DA0-415F-947E-6B4F9CB2E2EB}.Debug|x86.ActiveCfg = Debug|Any CPU
		{D6E4417A-9DA0-415F-947E-6B4F9CB2E2EB}.Release|Any CPU.ActiveCfg = Debug|Any CPU
		{D6E4417A-9DA0-415F-947E-6B4F9CB2E2EB}.Release|Any CPU.Build.0 = Debug|Any CPU
		{D6E4417A-9DA0-415F-947E-6B4F9CB2E2EB}.Release|Mixed Platforms.ActiveCfg = Debug|Any CPU
		{D6E4417A-9DA0-415F-947E-6B4F9CB2E2EB}.Release|Mixed Platforms.Build.0 = Debug|Any CPU
		{D6E4417A-9DA0-415F-947E-6B4F9CB2E2EB}.Release|x86.ActiveCfg = Debug|Any CPU
	EndGlobalSection
	GlobalSection(SolutionProperties) = preSolution
		HideSolutionNode = FALSE
	EndGlobalSection
	GlobalSection(NestedProjects) = preSolution
		{2D9347BC-A4DD-4B5D-8BE1-13D1607A33C7} = {0D9CEDF5-ADDD-451B-9631-7C46B2CDF78B}
		{406ACA25-7441-4944-A0F8-E66C025890CA} = {0D9CEDF5-ADDD-451B-9631-7C46B2CDF78B}
		{1FD90B1D-8502-4F1A-AA96-0F859D0748AD} = {0D9CEDF5-ADDD-451B-9631-7C46B2CDF78B}
		{BBF1829B-3446-4C0D-A75A-9BC713D2A6A1} = {0D9CEDF5-ADDD-451B-9631-7C46B2CDF78B}
		{06E82003-D11E-4482-9DC8-9AD109B537A0} = {0D9CEDF5-ADDD-451B-9631-7C46B2CDF78B}
		{815CC797-F742-4C48-8C98-BD7DE050D95A} = {0D9CEDF5-ADDD-451B-9631-7C46B2CDF78B}
		{E5F0F569-B645-4A02-93A2-DB646BE99A44} = {FDAB866B-D8B1-40E3-8F17-2145E51373E0}
		{8018E746-9ADD-47D9-BB75-1089D098F0A1} = {791CD16C-D09C-43D9-9E54-60BCB54C2764}
	EndGlobalSection
EndGlobal
