
Microsoft Visual Studio Solution File, Format Version 11.00
# Visual Studio 2010
Project("{2150E333-8FDC-42A3-9474-1A3956D46DE8}") = "Libraries", "Libraries", "{0D9CEDF5-ADDD-451B-9631-7C46B2CDF78B}"
EndProject
Project("{FAE04EC0-301F-11D3-BF4B-00C04F79EFBC}") = "FibersLibrary", "Libraries\NodeLibraries\FibersLibrary\FibersLibrary.csproj", "{1136A53A-3853-4F65-B9ED-176290942582}"
EndProject
Project("{FAE04EC0-301F-11D3-BF4B-00C04F79EFBC}") = "MongoDBLibrary", "Libraries\NodeLibraries\MongoDBLibrary\MongoDBLibrary.csproj", "{2C02E0B6-3542-4CA5-AA18-6435BDFD714E}"
EndProject
Project("{FAE04EC0-301F-11D3-BF4B-00C04F79EFBC}") = "NodeJSLibrary", "Libraries\NodeLibraries\NodeJSLibrary\NodeJSLibrary.csproj", "{C4E105FB-745E-4C08-9058-2061BBB8751C}"
EndProject
Project("{FAE04EC0-301F-11D3-BF4B-00C04F79EFBC}") = "RedisLibrary", "Libraries\NodeLibraries\RedisLibrary\RedisLibrary.csproj", "{69A683EE-60CB-459C-BAF2-822518D0ED8D}"
EndProject
Project("{FAE04EC0-301F-11D3-BF4B-00C04F79EFBC}") = "ShuffleGameLibrary", "Libraries\NodeLibraries\ShuffleGameLibrary\ShuffleGameLibrary.csproj", "{2D9347BC-A4DD-4B5D-8BE1-13D1607A33C7}"
EndProject
Project("{FAE04EC0-301F-11D3-BF4B-00C04F79EFBC}") = "SocketIONodeLibrary", "Libraries\NodeLibraries\SocketIONodeLibrary\SocketIONodeLibrary.csproj", "{45DF83B6-2FD4-4419-9504-5F50BC83A85F}"
EndProject
Project("{FAE04EC0-301F-11D3-BF4B-00C04F79EFBC}") = "CommonLibraries", "Libraries\CommonLibraries\CommonLibraries.csproj", "{406ACA25-7441-4944-A0F8-E66C025890CA}"
EndProject
Project("{FAE04EC0-301F-11D3-BF4B-00C04F79EFBC}") = "AdminServer", "Servers\AdminServer\AdminServer.csproj", "{76C9A726-73A8-4B47-8F5F-BCE4164FF216}"
EndProject
Project("{2150E333-8FDC-42A3-9474-1A3956D46DE8}") = "Servers", "Servers", "{FDAB866B-D8B1-40E3-8F17-2145E51373E0}"
EndProject
Project("{FAE04EC0-301F-11D3-BF4B-00C04F79EFBC}") = "ChatServer", "Servers\ChatServer\ChatServer.csproj", "{A7CA0803-DBA7-43E0-BABF-C2490512F15F}"
EndProject
Project("{FAE04EC0-301F-11D3-BF4B-00C04F79EFBC}") = "DebugServer", "Servers\DebugServer\DebugServer.csproj", "{AE028E58-DB2A-4C8D-91C3-B04B76417EC9}"
EndProject
Project("{FAE04EC0-301F-11D3-BF4B-00C04F79EFBC}") = "GameServer", "Servers\GameServer\GameServer.csproj", "{453CCFEB-6D6F-4C10-84C7-E8A897A99AE8}"
EndProject
Project("{FAE04EC0-301F-11D3-BF4B-00C04F79EFBC}") = "GatewayServer", "Servers\GatewayServer\GatewayServer.csproj", "{DF31877E-A85A-4FE1-AB8D-5025011F4EAA}"
EndProject
Project("{FAE04EC0-301F-11D3-BF4B-00C04F79EFBC}") = "HeadServer", "Servers\HeadServer\HeadServer.csproj", "{A678F12F-A7E9-458D-A5E6-9AA795A8B28A}"
EndProject
Project("{FAE04EC0-301F-11D3-BF4B-00C04F79EFBC}") = "SiteServer", "Servers\SiteServer\SiteServer.csproj", "{E5252090-EA43-4A58-BE16-D1EC42F06F46}"
EndProject
Project("{FAE04EC0-301F-11D3-BF4B-00C04F79EFBC}") = "Client", "Client\Client.csproj", "{1B1814D9-2F50-4752-A000-02C19DC492E2}"
EndProject
Project("{FAE04EC0-301F-11D3-BF4B-00C04F79EFBC}") = "Build", "Tools\Build\Build.csproj", "{8018E746-9ADD-47D9-BB75-1089D098F0A1}"
EndProject
Project("{2150E333-8FDC-42A3-9474-1A3956D46DE8}") = "Tools", "Tools", "{791CD16C-D09C-43D9-9E54-60BCB54C2764}"
EndProject
Project("{FAE04EC0-301F-11D3-BF4B-00C04F79EFBC}") = "CommonWebLibraries", "Libraries\WebLibraries\CommonWebLibraries\CommonWebLibraries.csproj", "{6DA30112-FDBD-4E48-9F52-7268FCE19D25}"
EndProject
Project("{FAE04EC0-301F-11D3-BF4B-00C04F79EFBC}") = "CommonShuffleLibrary", "Libraries\NodeLibraries\CommonShuffleLibrary\CommonShuffleLibrary.csproj", "{1FD90B1D-8502-4F1A-AA96-0F859D0748AD}"
EndProject
Project("{FAE04EC0-301F-11D3-BF4B-00C04F79EFBC}") = "SocketIOWebLibrary", "Libraries\WebLibraries\SocketIOWebLibrary\SocketIOWebLibrary.csproj", "{108D8A37-0782-4FFA-9A53-934E07B9B28A}"
EndProject
Project("{FAE04EC0-301F-11D3-BF4B-00C04F79EFBC}") = "CodeMirrorLibrary", "Libraries\WebLibraries\CodeMirrorLibrary\CodeMirrorLibrary.csproj", "{BBF1829B-3446-4C0D-A75A-9BC713D2A6A1}"
EndProject
Project("{2150E333-8FDC-42A3-9474-1A3956D46DE8}") = "NodeLibraries", "NodeLibraries", "{D763FBF5-7945-460F-B2BA-59D3BB299843}"
EndProject
Project("{2150E333-8FDC-42A3-9474-1A3956D46DE8}") = "WebLibraries", "WebLibraries", "{9744774A-F851-4EF2-9FD3-569AD31F6560}"
EndProject
Global
	GlobalSection(SolutionConfigurationPlatforms) = preSolution
		Debug|Any CPU = Debug|Any CPU
		Debug|Mixed Platforms = Debug|Mixed Platforms
		Debug|x86 = Debug|x86
		Release|Any CPU = Release|Any CPU
		Release|Mixed Platforms = Release|Mixed Platforms
		Release|x86 = Release|x86
	EndGlobalSection
	GlobalSection(ProjectConfigurationPlatforms) = postSolution
		{1136A53A-3853-4F65-B9ED-176290942582}.Debug|Any CPU.ActiveCfg = Debug|Any CPU
		{1136A53A-3853-4F65-B9ED-176290942582}.Debug|Any CPU.Build.0 = Debug|Any CPU
		{1136A53A-3853-4F65-B9ED-176290942582}.Debug|Mixed Platforms.ActiveCfg = Debug|Any CPU
		{1136A53A-3853-4F65-B9ED-176290942582}.Debug|Mixed Platforms.Build.0 = Debug|Any CPU
		{1136A53A-3853-4F65-B9ED-176290942582}.Debug|x86.ActiveCfg = Debug|Any CPU
		{1136A53A-3853-4F65-B9ED-176290942582}.Release|Any CPU.ActiveCfg = Release|Any CPU
		{1136A53A-3853-4F65-B9ED-176290942582}.Release|Any CPU.Build.0 = Release|Any CPU
		{1136A53A-3853-4F65-B9ED-176290942582}.Release|Mixed Platforms.ActiveCfg = Release|Any CPU
		{1136A53A-3853-4F65-B9ED-176290942582}.Release|Mixed Platforms.Build.0 = Release|Any CPU
		{1136A53A-3853-4F65-B9ED-176290942582}.Release|x86.ActiveCfg = Release|Any CPU
		{2C02E0B6-3542-4CA5-AA18-6435BDFD714E}.Debug|Any CPU.ActiveCfg = Debug|Any CPU
		{2C02E0B6-3542-4CA5-AA18-6435BDFD714E}.Debug|Any CPU.Build.0 = Debug|Any CPU
		{2C02E0B6-3542-4CA5-AA18-6435BDFD714E}.Debug|Mixed Platforms.ActiveCfg = Debug|Any CPU
		{2C02E0B6-3542-4CA5-AA18-6435BDFD714E}.Debug|Mixed Platforms.Build.0 = Debug|Any CPU
		{2C02E0B6-3542-4CA5-AA18-6435BDFD714E}.Debug|x86.ActiveCfg = Debug|Any CPU
		{2C02E0B6-3542-4CA5-AA18-6435BDFD714E}.Release|Any CPU.ActiveCfg = Release|Any CPU
		{2C02E0B6-3542-4CA5-AA18-6435BDFD714E}.Release|Any CPU.Build.0 = Release|Any CPU
		{2C02E0B6-3542-4CA5-AA18-6435BDFD714E}.Release|Mixed Platforms.ActiveCfg = Release|Any CPU
		{2C02E0B6-3542-4CA5-AA18-6435BDFD714E}.Release|Mixed Platforms.Build.0 = Release|Any CPU
		{2C02E0B6-3542-4CA5-AA18-6435BDFD714E}.Release|x86.ActiveCfg = Release|Any CPU
		{C4E105FB-745E-4C08-9058-2061BBB8751C}.Debug|Any CPU.ActiveCfg = Debug|Any CPU
		{C4E105FB-745E-4C08-9058-2061BBB8751C}.Debug|Any CPU.Build.0 = Debug|Any CPU
		{C4E105FB-745E-4C08-9058-2061BBB8751C}.Debug|Mixed Platforms.ActiveCfg = Debug|Any CPU
		{C4E105FB-745E-4C08-9058-2061BBB8751C}.Debug|Mixed Platforms.Build.0 = Debug|Any CPU
		{C4E105FB-745E-4C08-9058-2061BBB8751C}.Debug|x86.ActiveCfg = Debug|Any CPU
		{C4E105FB-745E-4C08-9058-2061BBB8751C}.Release|Any CPU.ActiveCfg = Release|Any CPU
		{C4E105FB-745E-4C08-9058-2061BBB8751C}.Release|Any CPU.Build.0 = Release|Any CPU
		{C4E105FB-745E-4C08-9058-2061BBB8751C}.Release|Mixed Platforms.ActiveCfg = Release|Any CPU
		{C4E105FB-745E-4C08-9058-2061BBB8751C}.Release|Mixed Platforms.Build.0 = Release|Any CPU
		{C4E105FB-745E-4C08-9058-2061BBB8751C}.Release|x86.ActiveCfg = Release|Any CPU
		{69A683EE-60CB-459C-BAF2-822518D0ED8D}.Debug|Any CPU.ActiveCfg = Debug|Any CPU
		{69A683EE-60CB-459C-BAF2-822518D0ED8D}.Debug|Any CPU.Build.0 = Debug|Any CPU
		{69A683EE-60CB-459C-BAF2-822518D0ED8D}.Debug|Mixed Platforms.ActiveCfg = Debug|Any CPU
		{69A683EE-60CB-459C-BAF2-822518D0ED8D}.Debug|Mixed Platforms.Build.0 = Debug|Any CPU
		{69A683EE-60CB-459C-BAF2-822518D0ED8D}.Debug|x86.ActiveCfg = Debug|Any CPU
		{69A683EE-60CB-459C-BAF2-822518D0ED8D}.Release|Any CPU.ActiveCfg = Release|Any CPU
		{69A683EE-60CB-459C-BAF2-822518D0ED8D}.Release|Any CPU.Build.0 = Release|Any CPU
		{69A683EE-60CB-459C-BAF2-822518D0ED8D}.Release|Mixed Platforms.ActiveCfg = Release|Any CPU
		{69A683EE-60CB-459C-BAF2-822518D0ED8D}.Release|Mixed Platforms.Build.0 = Release|Any CPU
		{69A683EE-60CB-459C-BAF2-822518D0ED8D}.Release|x86.ActiveCfg = Release|Any CPU
		{2D9347BC-A4DD-4B5D-8BE1-13D1607A33C7}.Debug|Any CPU.ActiveCfg = Debug|Any CPU
		{2D9347BC-A4DD-4B5D-8BE1-13D1607A33C7}.Debug|Any CPU.Build.0 = Debug|Any CPU
		{2D9347BC-A4DD-4B5D-8BE1-13D1607A33C7}.Debug|Mixed Platforms.ActiveCfg = Debug|Any CPU
		{2D9347BC-A4DD-4B5D-8BE1-13D1607A33C7}.Debug|Mixed Platforms.Build.0 = Debug|Any CPU
		{2D9347BC-A4DD-4B5D-8BE1-13D1607A33C7}.Debug|x86.ActiveCfg = Debug|Any CPU
		{2D9347BC-A4DD-4B5D-8BE1-13D1607A33C7}.Release|Any CPU.ActiveCfg = Release|Any CPU
		{2D9347BC-A4DD-4B5D-8BE1-13D1607A33C7}.Release|Any CPU.Build.0 = Release|Any CPU
		{2D9347BC-A4DD-4B5D-8BE1-13D1607A33C7}.Release|Mixed Platforms.ActiveCfg = Release|Any CPU
		{2D9347BC-A4DD-4B5D-8BE1-13D1607A33C7}.Release|Mixed Platforms.Build.0 = Release|Any CPU
		{2D9347BC-A4DD-4B5D-8BE1-13D1607A33C7}.Release|x86.ActiveCfg = Release|Any CPU
		{45DF83B6-2FD4-4419-9504-5F50BC83A85F}.Debug|Any CPU.ActiveCfg = Debug|Any CPU
		{45DF83B6-2FD4-4419-9504-5F50BC83A85F}.Debug|Any CPU.Build.0 = Debug|Any CPU
		{45DF83B6-2FD4-4419-9504-5F50BC83A85F}.Debug|Mixed Platforms.ActiveCfg = Debug|Any CPU
		{45DF83B6-2FD4-4419-9504-5F50BC83A85F}.Debug|Mixed Platforms.Build.0 = Debug|Any CPU
		{45DF83B6-2FD4-4419-9504-5F50BC83A85F}.Debug|x86.ActiveCfg = Debug|Any CPU
		{45DF83B6-2FD4-4419-9504-5F50BC83A85F}.Release|Any CPU.ActiveCfg = Release|Any CPU
		{45DF83B6-2FD4-4419-9504-5F50BC83A85F}.Release|Any CPU.Build.0 = Release|Any CPU
		{45DF83B6-2FD4-4419-9504-5F50BC83A85F}.Release|Mixed Platforms.ActiveCfg = Release|Any CPU
		{45DF83B6-2FD4-4419-9504-5F50BC83A85F}.Release|Mixed Platforms.Build.0 = Release|Any CPU
		{45DF83B6-2FD4-4419-9504-5F50BC83A85F}.Release|x86.ActiveCfg = Release|Any CPU
		{406ACA25-7441-4944-A0F8-E66C025890CA}.Debug|Any CPU.ActiveCfg = Debug|Any CPU
		{406ACA25-7441-4944-A0F8-E66C025890CA}.Debug|Any CPU.Build.0 = Debug|Any CPU
		{406ACA25-7441-4944-A0F8-E66C025890CA}.Debug|Mixed Platforms.ActiveCfg = Debug|Any CPU
		{406ACA25-7441-4944-A0F8-E66C025890CA}.Debug|Mixed Platforms.Build.0 = Debug|Any CPU
		{406ACA25-7441-4944-A0F8-E66C025890CA}.Debug|x86.ActiveCfg = Debug|Any CPU
		{406ACA25-7441-4944-A0F8-E66C025890CA}.Release|Any CPU.ActiveCfg = Release|Any CPU
		{406ACA25-7441-4944-A0F8-E66C025890CA}.Release|Any CPU.Build.0 = Release|Any CPU
		{406ACA25-7441-4944-A0F8-E66C025890CA}.Release|Mixed Platforms.ActiveCfg = Release|Any CPU
		{406ACA25-7441-4944-A0F8-E66C025890CA}.Release|Mixed Platforms.Build.0 = Release|Any CPU
		{406ACA25-7441-4944-A0F8-E66C025890CA}.Release|x86.ActiveCfg = Release|Any CPU
		{76C9A726-73A8-4B47-8F5F-BCE4164FF216}.Debug|Any CPU.ActiveCfg = Debug|Any CPU
		{76C9A726-73A8-4B47-8F5F-BCE4164FF216}.Debug|Any CPU.Build.0 = Debug|Any CPU
		{76C9A726-73A8-4B47-8F5F-BCE4164FF216}.Debug|Mixed Platforms.ActiveCfg = Debug|Any CPU
		{76C9A726-73A8-4B47-8F5F-BCE4164FF216}.Debug|Mixed Platforms.Build.0 = Debug|Any CPU
		{76C9A726-73A8-4B47-8F5F-BCE4164FF216}.Debug|x86.ActiveCfg = Debug|Any CPU
		{76C9A726-73A8-4B47-8F5F-BCE4164FF216}.Release|Any CPU.ActiveCfg = Release|Any CPU
		{76C9A726-73A8-4B47-8F5F-BCE4164FF216}.Release|Any CPU.Build.0 = Release|Any CPU
		{76C9A726-73A8-4B47-8F5F-BCE4164FF216}.Release|Mixed Platforms.ActiveCfg = Release|Any CPU
		{76C9A726-73A8-4B47-8F5F-BCE4164FF216}.Release|Mixed Platforms.Build.0 = Release|Any CPU
		{76C9A726-73A8-4B47-8F5F-BCE4164FF216}.Release|x86.ActiveCfg = Release|Any CPU
		{A7CA0803-DBA7-43E0-BABF-C2490512F15F}.Debug|Any CPU.ActiveCfg = Debug|Any CPU
		{A7CA0803-DBA7-43E0-BABF-C2490512F15F}.Debug|Any CPU.Build.0 = Debug|Any CPU
		{A7CA0803-DBA7-43E0-BABF-C2490512F15F}.Debug|Mixed Platforms.ActiveCfg = Debug|Any CPU
		{A7CA0803-DBA7-43E0-BABF-C2490512F15F}.Debug|Mixed Platforms.Build.0 = Debug|Any CPU
		{A7CA0803-DBA7-43E0-BABF-C2490512F15F}.Debug|x86.ActiveCfg = Debug|Any CPU
		{A7CA0803-DBA7-43E0-BABF-C2490512F15F}.Release|Any CPU.ActiveCfg = Release|Any CPU
		{A7CA0803-DBA7-43E0-BABF-C2490512F15F}.Release|Any CPU.Build.0 = Release|Any CPU
		{A7CA0803-DBA7-43E0-BABF-C2490512F15F}.Release|Mixed Platforms.ActiveCfg = Release|Any CPU
		{A7CA0803-DBA7-43E0-BABF-C2490512F15F}.Release|Mixed Platforms.Build.0 = Release|Any CPU
		{A7CA0803-DBA7-43E0-BABF-C2490512F15F}.Release|x86.ActiveCfg = Release|Any CPU
		{AE028E58-DB2A-4C8D-91C3-B04B76417EC9}.Debug|Any CPU.ActiveCfg = Debug|Any CPU
		{AE028E58-DB2A-4C8D-91C3-B04B76417EC9}.Debug|Any CPU.Build.0 = Debug|Any CPU
		{AE028E58-DB2A-4C8D-91C3-B04B76417EC9}.Debug|Mixed Platforms.ActiveCfg = Debug|Any CPU
		{AE028E58-DB2A-4C8D-91C3-B04B76417EC9}.Debug|Mixed Platforms.Build.0 = Debug|Any CPU
		{AE028E58-DB2A-4C8D-91C3-B04B76417EC9}.Debug|x86.ActiveCfg = Debug|Any CPU
		{AE028E58-DB2A-4C8D-91C3-B04B76417EC9}.Release|Any CPU.ActiveCfg = Release|Any CPU
		{AE028E58-DB2A-4C8D-91C3-B04B76417EC9}.Release|Any CPU.Build.0 = Release|Any CPU
		{AE028E58-DB2A-4C8D-91C3-B04B76417EC9}.Release|Mixed Platforms.ActiveCfg = Release|Any CPU
		{AE028E58-DB2A-4C8D-91C3-B04B76417EC9}.Release|Mixed Platforms.Build.0 = Release|Any CPU
		{AE028E58-DB2A-4C8D-91C3-B04B76417EC9}.Release|x86.ActiveCfg = Release|Any CPU
		{453CCFEB-6D6F-4C10-84C7-E8A897A99AE8}.Debug|Any CPU.ActiveCfg = Debug|Any CPU
		{453CCFEB-6D6F-4C10-84C7-E8A897A99AE8}.Debug|Any CPU.Build.0 = Debug|Any CPU
		{453CCFEB-6D6F-4C10-84C7-E8A897A99AE8}.Debug|Mixed Platforms.ActiveCfg = Debug|Any CPU
		{453CCFEB-6D6F-4C10-84C7-E8A897A99AE8}.Debug|Mixed Platforms.Build.0 = Debug|Any CPU
		{453CCFEB-6D6F-4C10-84C7-E8A897A99AE8}.Debug|x86.ActiveCfg = Debug|Any CPU
		{453CCFEB-6D6F-4C10-84C7-E8A897A99AE8}.Release|Any CPU.ActiveCfg = Release|Any CPU
		{453CCFEB-6D6F-4C10-84C7-E8A897A99AE8}.Release|Any CPU.Build.0 = Release|Any CPU
		{453CCFEB-6D6F-4C10-84C7-E8A897A99AE8}.Release|Mixed Platforms.ActiveCfg = Release|Any CPU
		{453CCFEB-6D6F-4C10-84C7-E8A897A99AE8}.Release|Mixed Platforms.Build.0 = Release|Any CPU
		{453CCFEB-6D6F-4C10-84C7-E8A897A99AE8}.Release|x86.ActiveCfg = Release|Any CPU
		{DF31877E-A85A-4FE1-AB8D-5025011F4EAA}.Debug|Any CPU.ActiveCfg = Debug|Any CPU
		{DF31877E-A85A-4FE1-AB8D-5025011F4EAA}.Debug|Any CPU.Build.0 = Debug|Any CPU
		{DF31877E-A85A-4FE1-AB8D-5025011F4EAA}.Debug|Mixed Platforms.ActiveCfg = Debug|Any CPU
		{DF31877E-A85A-4FE1-AB8D-5025011F4EAA}.Debug|Mixed Platforms.Build.0 = Debug|Any CPU
		{DF31877E-A85A-4FE1-AB8D-5025011F4EAA}.Debug|x86.ActiveCfg = Debug|Any CPU
		{DF31877E-A85A-4FE1-AB8D-5025011F4EAA}.Release|Any CPU.ActiveCfg = Release|Any CPU
		{DF31877E-A85A-4FE1-AB8D-5025011F4EAA}.Release|Any CPU.Build.0 = Release|Any CPU
		{DF31877E-A85A-4FE1-AB8D-5025011F4EAA}.Release|Mixed Platforms.ActiveCfg = Release|Any CPU
		{DF31877E-A85A-4FE1-AB8D-5025011F4EAA}.Release|Mixed Platforms.Build.0 = Release|Any CPU
		{DF31877E-A85A-4FE1-AB8D-5025011F4EAA}.Release|x86.ActiveCfg = Release|Any CPU
		{A678F12F-A7E9-458D-A5E6-9AA795A8B28A}.Debug|Any CPU.ActiveCfg = Debug|Any CPU
		{A678F12F-A7E9-458D-A5E6-9AA795A8B28A}.Debug|Any CPU.Build.0 = Debug|Any CPU
		{A678F12F-A7E9-458D-A5E6-9AA795A8B28A}.Debug|Mixed Platforms.ActiveCfg = Debug|Any CPU
		{A678F12F-A7E9-458D-A5E6-9AA795A8B28A}.Debug|Mixed Platforms.Build.0 = Debug|Any CPU
		{A678F12F-A7E9-458D-A5E6-9AA795A8B28A}.Debug|x86.ActiveCfg = Debug|Any CPU
		{A678F12F-A7E9-458D-A5E6-9AA795A8B28A}.Release|Any CPU.ActiveCfg = Release|Any CPU
		{A678F12F-A7E9-458D-A5E6-9AA795A8B28A}.Release|Any CPU.Build.0 = Release|Any CPU
		{A678F12F-A7E9-458D-A5E6-9AA795A8B28A}.Release|Mixed Platforms.ActiveCfg = Release|Any CPU
		{A678F12F-A7E9-458D-A5E6-9AA795A8B28A}.Release|Mixed Platforms.Build.0 = Release|Any CPU
		{A678F12F-A7E9-458D-A5E6-9AA795A8B28A}.Release|x86.ActiveCfg = Release|Any CPU
		{E5252090-EA43-4A58-BE16-D1EC42F06F46}.Debug|Any CPU.ActiveCfg = Debug|Any CPU
		{E5252090-EA43-4A58-BE16-D1EC42F06F46}.Debug|Any CPU.Build.0 = Debug|Any CPU
		{E5252090-EA43-4A58-BE16-D1EC42F06F46}.Debug|Mixed Platforms.ActiveCfg = Debug|Any CPU
		{E5252090-EA43-4A58-BE16-D1EC42F06F46}.Debug|Mixed Platforms.Build.0 = Debug|Any CPU
		{E5252090-EA43-4A58-BE16-D1EC42F06F46}.Debug|x86.ActiveCfg = Debug|Any CPU
		{E5252090-EA43-4A58-BE16-D1EC42F06F46}.Release|Any CPU.ActiveCfg = Release|Any CPU
		{E5252090-EA43-4A58-BE16-D1EC42F06F46}.Release|Any CPU.Build.0 = Release|Any CPU
		{E5252090-EA43-4A58-BE16-D1EC42F06F46}.Release|Mixed Platforms.ActiveCfg = Release|Any CPU
		{E5252090-EA43-4A58-BE16-D1EC42F06F46}.Release|Mixed Platforms.Build.0 = Release|Any CPU
		{E5252090-EA43-4A58-BE16-D1EC42F06F46}.Release|x86.ActiveCfg = Release|Any CPU
		{1B1814D9-2F50-4752-A000-02C19DC492E2}.Debug|Any CPU.ActiveCfg = Debug|Any CPU
		{1B1814D9-2F50-4752-A000-02C19DC492E2}.Debug|Any CPU.Build.0 = Debug|Any CPU
		{1B1814D9-2F50-4752-A000-02C19DC492E2}.Debug|Mixed Platforms.ActiveCfg = Debug|Any CPU
		{1B1814D9-2F50-4752-A000-02C19DC492E2}.Debug|Mixed Platforms.Build.0 = Debug|Any CPU
		{1B1814D9-2F50-4752-A000-02C19DC492E2}.Debug|x86.ActiveCfg = Debug|Any CPU
		{1B1814D9-2F50-4752-A000-02C19DC492E2}.Release|Any CPU.ActiveCfg = Release|Any CPU
		{1B1814D9-2F50-4752-A000-02C19DC492E2}.Release|Any CPU.Build.0 = Release|Any CPU
		{1B1814D9-2F50-4752-A000-02C19DC492E2}.Release|Mixed Platforms.ActiveCfg = Release|Any CPU
		{1B1814D9-2F50-4752-A000-02C19DC492E2}.Release|Mixed Platforms.Build.0 = Release|Any CPU
		{1B1814D9-2F50-4752-A000-02C19DC492E2}.Release|x86.ActiveCfg = Release|Any CPU
		{8018E746-9ADD-47D9-BB75-1089D098F0A1}.Debug|Any CPU.ActiveCfg = Debug|x86
		{8018E746-9ADD-47D9-BB75-1089D098F0A1}.Debug|Mixed Platforms.ActiveCfg = Debug|x86
		{8018E746-9ADD-47D9-BB75-1089D098F0A1}.Debug|Mixed Platforms.Build.0 = Debug|x86
		{8018E746-9ADD-47D9-BB75-1089D098F0A1}.Debug|x86.ActiveCfg = Debug|x86
		{8018E746-9ADD-47D9-BB75-1089D098F0A1}.Debug|x86.Build.0 = Debug|x86
		{8018E746-9ADD-47D9-BB75-1089D098F0A1}.Release|Any CPU.ActiveCfg = Release|x86
		{8018E746-9ADD-47D9-BB75-1089D098F0A1}.Release|Mixed Platforms.ActiveCfg = Release|x86
		{8018E746-9ADD-47D9-BB75-1089D098F0A1}.Release|Mixed Platforms.Build.0 = Release|x86
		{8018E746-9ADD-47D9-BB75-1089D098F0A1}.Release|x86.ActiveCfg = Release|x86
		{8018E746-9ADD-47D9-BB75-1089D098F0A1}.Release|x86.Build.0 = Release|x86
		{6DA30112-FDBD-4E48-9F52-7268FCE19D25}.Debug|Any CPU.ActiveCfg = Debug|Any CPU
		{6DA30112-FDBD-4E48-9F52-7268FCE19D25}.Debug|Any CPU.Build.0 = Debug|Any CPU
		{6DA30112-FDBD-4E48-9F52-7268FCE19D25}.Debug|Mixed Platforms.ActiveCfg = Debug|Any CPU
		{6DA30112-FDBD-4E48-9F52-7268FCE19D25}.Debug|Mixed Platforms.Build.0 = Debug|Any CPU
		{6DA30112-FDBD-4E48-9F52-7268FCE19D25}.Debug|x86.ActiveCfg = Debug|Any CPU
		{6DA30112-FDBD-4E48-9F52-7268FCE19D25}.Release|Any CPU.ActiveCfg = Release|Any CPU
		{6DA30112-FDBD-4E48-9F52-7268FCE19D25}.Release|Any CPU.Build.0 = Release|Any CPU
		{6DA30112-FDBD-4E48-9F52-7268FCE19D25}.Release|Mixed Platforms.ActiveCfg = Release|Any CPU
		{6DA30112-FDBD-4E48-9F52-7268FCE19D25}.Release|Mixed Platforms.Build.0 = Release|Any CPU
		{6DA30112-FDBD-4E48-9F52-7268FCE19D25}.Release|x86.ActiveCfg = Release|Any CPU
		{1FD90B1D-8502-4F1A-AA96-0F859D0748AD}.Debug|Any CPU.ActiveCfg = Debug|Any CPU
		{1FD90B1D-8502-4F1A-AA96-0F859D0748AD}.Debug|Any CPU.Build.0 = Debug|Any CPU
		{1FD90B1D-8502-4F1A-AA96-0F859D0748AD}.Debug|Mixed Platforms.ActiveCfg = Debug|Any CPU
		{1FD90B1D-8502-4F1A-AA96-0F859D0748AD}.Debug|Mixed Platforms.Build.0 = Debug|Any CPU
		{1FD90B1D-8502-4F1A-AA96-0F859D0748AD}.Debug|x86.ActiveCfg = Debug|Any CPU
		{1FD90B1D-8502-4F1A-AA96-0F859D0748AD}.Release|Any CPU.ActiveCfg = Release|Any CPU
		{1FD90B1D-8502-4F1A-AA96-0F859D0748AD}.Release|Any CPU.Build.0 = Release|Any CPU
		{1FD90B1D-8502-4F1A-AA96-0F859D0748AD}.Release|Mixed Platforms.ActiveCfg = Release|Any CPU
		{1FD90B1D-8502-4F1A-AA96-0F859D0748AD}.Release|Mixed Platforms.Build.0 = Release|Any CPU
		{1FD90B1D-8502-4F1A-AA96-0F859D0748AD}.Release|x86.ActiveCfg = Release|Any CPU
		{108D8A37-0782-4FFA-9A53-934E07B9B28A}.Debug|Any CPU.ActiveCfg = Debug|Any CPU
		{108D8A37-0782-4FFA-9A53-934E07B9B28A}.Debug|Any CPU.Build.0 = Debug|Any CPU
		{108D8A37-0782-4FFA-9A53-934E07B9B28A}.Debug|Mixed Platforms.ActiveCfg = Debug|Any CPU
		{108D8A37-0782-4FFA-9A53-934E07B9B28A}.Debug|Mixed Platforms.Build.0 = Debug|Any CPU
		{108D8A37-0782-4FFA-9A53-934E07B9B28A}.Debug|x86.ActiveCfg = Debug|Any CPU
		{108D8A37-0782-4FFA-9A53-934E07B9B28A}.Release|Any CPU.ActiveCfg = Release|Any CPU
		{108D8A37-0782-4FFA-9A53-934E07B9B28A}.Release|Any CPU.Build.0 = Release|Any CPU
		{108D8A37-0782-4FFA-9A53-934E07B9B28A}.Release|Mixed Platforms.ActiveCfg = Release|Any CPU
		{108D8A37-0782-4FFA-9A53-934E07B9B28A}.Release|Mixed Platforms.Build.0 = Release|Any CPU
		{108D8A37-0782-4FFA-9A53-934E07B9B28A}.Release|x86.ActiveCfg = Release|Any CPU
		{BBF1829B-3446-4C0D-A75A-9BC713D2A6A1}.Debug|Any CPU.ActiveCfg = Debug|Any CPU
		{BBF1829B-3446-4C0D-A75A-9BC713D2A6A1}.Debug|Any CPU.Build.0 = Debug|Any CPU
		{BBF1829B-3446-4C0D-A75A-9BC713D2A6A1}.Debug|Mixed Platforms.ActiveCfg = Debug|Any CPU
		{BBF1829B-3446-4C0D-A75A-9BC713D2A6A1}.Debug|Mixed Platforms.Build.0 = Debug|Any CPU
		{BBF1829B-3446-4C0D-A75A-9BC713D2A6A1}.Debug|x86.ActiveCfg = Debug|Any CPU
		{BBF1829B-3446-4C0D-A75A-9BC713D2A6A1}.Release|Any CPU.ActiveCfg = Release|Any CPU
		{BBF1829B-3446-4C0D-A75A-9BC713D2A6A1}.Release|Any CPU.Build.0 = Release|Any CPU
		{BBF1829B-3446-4C0D-A75A-9BC713D2A6A1}.Release|Mixed Platforms.ActiveCfg = Release|Any CPU
		{BBF1829B-3446-4C0D-A75A-9BC713D2A6A1}.Release|Mixed Platforms.Build.0 = Release|Any CPU
		{BBF1829B-3446-4C0D-A75A-9BC713D2A6A1}.Release|x86.ActiveCfg = Release|Any CPU
	EndGlobalSection
	GlobalSection(SolutionProperties) = preSolution
		HideSolutionNode = FALSE
	EndGlobalSection
	GlobalSection(NestedProjects) = preSolution
		{406ACA25-7441-4944-A0F8-E66C025890CA} = {0D9CEDF5-ADDD-451B-9631-7C46B2CDF78B}
		{D763FBF5-7945-460F-B2BA-59D3BB299843} = {0D9CEDF5-ADDD-451B-9631-7C46B2CDF78B}
		{9744774A-F851-4EF2-9FD3-569AD31F6560} = {0D9CEDF5-ADDD-451B-9631-7C46B2CDF78B}
		{76C9A726-73A8-4B47-8F5F-BCE4164FF216} = {FDAB866B-D8B1-40E3-8F17-2145E51373E0}
		{A7CA0803-DBA7-43E0-BABF-C2490512F15F} = {FDAB866B-D8B1-40E3-8F17-2145E51373E0}
		{AE028E58-DB2A-4C8D-91C3-B04B76417EC9} = {FDAB866B-D8B1-40E3-8F17-2145E51373E0}
		{453CCFEB-6D6F-4C10-84C7-E8A897A99AE8} = {FDAB866B-D8B1-40E3-8F17-2145E51373E0}
		{DF31877E-A85A-4FE1-AB8D-5025011F4EAA} = {FDAB866B-D8B1-40E3-8F17-2145E51373E0}
		{A678F12F-A7E9-458D-A5E6-9AA795A8B28A} = {FDAB866B-D8B1-40E3-8F17-2145E51373E0}
		{E5252090-EA43-4A58-BE16-D1EC42F06F46} = {FDAB866B-D8B1-40E3-8F17-2145E51373E0}
		{8018E746-9ADD-47D9-BB75-1089D098F0A1} = {791CD16C-D09C-43D9-9E54-60BCB54C2764}
		{1FD90B1D-8502-4F1A-AA96-0F859D0748AD} = {D763FBF5-7945-460F-B2BA-59D3BB299843}
		{45DF83B6-2FD4-4419-9504-5F50BC83A85F} = {D763FBF5-7945-460F-B2BA-59D3BB299843}
		{2D9347BC-A4DD-4B5D-8BE1-13D1607A33C7} = {D763FBF5-7945-460F-B2BA-59D3BB299843}
		{69A683EE-60CB-459C-BAF2-822518D0ED8D} = {D763FBF5-7945-460F-B2BA-59D3BB299843}
		{C4E105FB-745E-4C08-9058-2061BBB8751C} = {D763FBF5-7945-460F-B2BA-59D3BB299843}
		{2C02E0B6-3542-4CA5-AA18-6435BDFD714E} = {D763FBF5-7945-460F-B2BA-59D3BB299843}
		{1136A53A-3853-4F65-B9ED-176290942582} = {D763FBF5-7945-460F-B2BA-59D3BB299843}
		{BBF1829B-3446-4C0D-A75A-9BC713D2A6A1} = {9744774A-F851-4EF2-9FD3-569AD31F6560}
		{108D8A37-0782-4FFA-9A53-934E07B9B28A} = {9744774A-F851-4EF2-9FD3-569AD31F6560}
		{6DA30112-FDBD-4E48-9F52-7268FCE19D25} = {9744774A-F851-4EF2-9FD3-569AD31F6560}
	EndGlobalSection
EndGlobal
