
Microsoft Visual Studio Solution File, Format Version 11.00
# Visual Studio 2010
Project("{FAE04EC0-301F-11D3-BF4B-00C04F79EFBC}") = "AngularTest", "AngularTest\AngularTest.csproj", "{C37EDF85-274D-42D9-ABD7-C6E41D221A2E}"
EndProject
Project("{E24C65DC-7377-472B-9ABA-BC803B73C61A}") = "AngularTestOutput", "AngularTestOutput\", "{A544FD2F-E168-4B5E-BE9D-89B6EEA56195}"
	ProjectSection(WebsiteProperties) = preProject
		TargetFrameworkMoniker = ".NETFramework,Version%3Dv4.0"
		Debug.AspNetCompiler.VirtualPath = "/AngularTestOutput"
		Debug.AspNetCompiler.PhysicalPath = "AngularTestOutput\"
		Debug.AspNetCompiler.TargetPath = "PrecompiledWeb\AngularTestOutput\"
		Debug.AspNetCompiler.Updateable = "true"
		Debug.AspNetCompiler.ForceOverwrite = "true"
		Debug.AspNetCompiler.FixedNames = "false"
		Debug.AspNetCompiler.Debug = "True"
		Release.AspNetCompiler.VirtualPath = "/AngularTestOutput"
		Release.AspNetCompiler.PhysicalPath = "AngularTestOutput\"
		Release.AspNetCompiler.TargetPath = "PrecompiledWeb\AngularTestOutput\"
		Release.AspNetCompiler.Updateable = "true"
		Release.AspNetCompiler.ForceOverwrite = "true"
		Release.AspNetCompiler.FixedNames = "false"
		Release.AspNetCompiler.Debug = "False"
		VWDPort = "62368"
	EndProjectSection
EndProject
Project("{FAE04EC0-301F-11D3-BF4B-00C04F79EFBC}") = "AngularJS", "AngularJS\AngularJS.csproj", "{815CC797-F742-4C48-8C98-BD7DE050D95A}"
EndProject
Global
	GlobalSection(SolutionConfigurationPlatforms) = preSolution
		Debug|Any CPU = Debug|Any CPU
		Debug|Mixed Platforms = Debug|Mixed Platforms
		Debug|x86 = Debug|x86
		Release|Any CPU = Release|Any CPU
		Release|Mixed Platforms = Release|Mixed Platforms
		Release|x86 = Release|x86
	EndGlobalSection
	GlobalSection(ProjectConfigurationPlatforms) = postSolution
		{C37EDF85-274D-42D9-ABD7-C6E41D221A2E}.Debug|Any CPU.ActiveCfg = Debug|x86
		{C37EDF85-274D-42D9-ABD7-C6E41D221A2E}.Debug|Mixed Platforms.ActiveCfg = Debug|x86
		{C37EDF85-274D-42D9-ABD7-C6E41D221A2E}.Debug|Mixed Platforms.Build.0 = Debug|x86
		{C37EDF85-274D-42D9-ABD7-C6E41D221A2E}.Debug|x86.ActiveCfg = Debug|x86
		{C37EDF85-274D-42D9-ABD7-C6E41D221A2E}.Debug|x86.Build.0 = Debug|x86
		{C37EDF85-274D-42D9-ABD7-C6E41D221A2E}.Release|Any CPU.ActiveCfg = Release|x86
		{C37EDF85-274D-42D9-ABD7-C6E41D221A2E}.Release|Mixed Platforms.ActiveCfg = Release|x86
		{C37EDF85-274D-42D9-ABD7-C6E41D221A2E}.Release|Mixed Platforms.Build.0 = Release|x86
		{C37EDF85-274D-42D9-ABD7-C6E41D221A2E}.Release|x86.ActiveCfg = Release|x86
		{C37EDF85-274D-42D9-ABD7-C6E41D221A2E}.Release|x86.Build.0 = Release|x86
		{A544FD2F-E168-4B5E-BE9D-89B6EEA56195}.Debug|Any CPU.ActiveCfg = Debug|Any CPU
		{A544FD2F-E168-4B5E-BE9D-89B6EEA56195}.Debug|Any CPU.Build.0 = Debug|Any CPU
		{A544FD2F-E168-4B5E-BE9D-89B6EEA56195}.Debug|Mixed Platforms.ActiveCfg = Debug|Any CPU
		{A544FD2F-E168-4B5E-BE9D-89B6EEA56195}.Debug|x86.ActiveCfg = Debug|Any CPU
		{A544FD2F-E168-4B5E-BE9D-89B6EEA56195}.Release|Any CPU.ActiveCfg = Debug|Any CPU
		{A544FD2F-E168-4B5E-BE9D-89B6EEA56195}.Release|Any CPU.Build.0 = Debug|Any CPU
		{A544FD2F-E168-4B5E-BE9D-89B6EEA56195}.Release|Mixed Platforms.ActiveCfg = Debug|Any CPU
		{A544FD2F-E168-4B5E-BE9D-89B6EEA56195}.Release|Mixed Platforms.Build.0 = Debug|Any CPU
		{A544FD2F-E168-4B5E-BE9D-89B6EEA56195}.Release|x86.ActiveCfg = Debug|Any CPU
		{815CC797-F742-4C48-8C98-BD7DE050D95A}.Debug|Any CPU.ActiveCfg = Debug|Any CPU
		{815CC797-F742-4C48-8C98-BD7DE050D95A}.Debug|Any CPU.Build.0 = Debug|Any CPU
		{815CC797-F742-4C48-8C98-BD7DE050D95A}.Debug|Mixed Platforms.ActiveCfg = Debug|Any CPU
		{815CC797-F742-4C48-8C98-BD7DE050D95A}.Debug|Mixed Platforms.Build.0 = Debug|Any CPU
		{815CC797-F742-4C48-8C98-BD7DE050D95A}.Debug|x86.ActiveCfg = Debug|Any CPU
		{815CC797-F742-4C48-8C98-BD7DE050D95A}.Release|Any CPU.ActiveCfg = Release|Any CPU
		{815CC797-F742-4C48-8C98-BD7DE050D95A}.Release|Any CPU.Build.0 = Release|Any CPU
		{815CC797-F742-4C48-8C98-BD7DE050D95A}.Release|Mixed Platforms.ActiveCfg = Release|Any CPU
		{815CC797-F742-4C48-8C98-BD7DE050D95A}.Release|Mixed Platforms.Build.0 = Release|Any CPU
		{815CC797-F742-4C48-8C98-BD7DE050D95A}.Release|x86.ActiveCfg = Release|Any CPU
	EndGlobalSection
	GlobalSection(SolutionProperties) = preSolution
		HideSolutionNode = FALSE
	EndGlobalSection
EndGlobal
